
Microsoft Visual Studio Solution File, Format Version 12.00
# Visual Studio Version 17
VisualStudioVersion = 17.8.34004.107
MinimumVisualStudioVersion = 10.0.40219.1
Project("{FAE04EC0-301F-11D3-BF4B-00C04F79EFBC}") = "Ordering System", "Ordering System\Ordering System.csproj", "{F43FF73E-5DB7-4765-99A0-1DFE47B0480D}"
EndProject
Global
	GlobalSection(SolutionConfigurationPlatforms) = preSolution
		Debug|Any CPU = Debug|Any CPU
		Release|Any CPU = Release|Any CPU
	EndGlobalSection
	GlobalSection(ProjectConfigurationPlatforms) = postSolution
		{F43FF73E-5DB7-4765-99A0-1DFE47B0480D}.Debug|Any CPU.ActiveCfg = Debug|Any CPU
		{F43FF73E-5DB7-4765-99A0-1DFE47B0480D}.Debug|Any CPU.Build.0 = Debug|Any CPU
		{F43FF73E-5DB7-4765-99A0-1DFE47B0480D}.Release|Any CPU.ActiveCfg = Release|Any CPU
		{F43FF73E-5DB7-4765-99A0-1DFE47B0480D}.Release|Any CPU.Build.0 = Release|Any CPU
	EndGlobalSection
	GlobalSection(SolutionProperties) = preSolution
		HideSolutionNode = FALSE
	EndGlobalSection
	GlobalSection(ExtensibilityGlobals) = postSolution
		SolutionGuid = {0D335257-2DFE-482A-8CE9-7F204EFED678}
	EndGlobalSection
EndGlobal
